Microsoft Visual Studio Solution File, Format Version 12.00
# Visual Studio 14
VisualStudioVersion = 14.0.25420.1
MinimumVisualStudioVersion = 10.0.40219.1
Project("{F184B08F-C81C-45F6-A57F-5ABD9991F28F}") = "ContextMenuCustomization", "ContextMenuCustomization\ContextMenuCustomization.vbproj", "{436052D2-3BD1-4B02-8119-53F5C941750D}"
EndProject
Global
	GlobalSection(SolutionConfigurationPlatforms) = preSolution
		Debug|Any CPU = Debug|Any CPU
		Release|Any CPU = Release|Any CPU
	EndGlobalSection
	GlobalSection(ProjectConfigurationPlatforms) = postSolution
		{436052D2-3BD1-4B02-8119-53F5C941750D}.Debug|Any CPU.ActiveCfg = Debug|Any CPU
		{436052D2-3BD1-4B02-8119-53F5C941750D}.Debug|Any CPU.Build.0 = Debug|Any CPU
		{436052D2-3BD1-4B02-8119-53F5C941750D}.Release|Any CPU.ActiveCfg = Release|Any CPU
		{436052D2-3BD1-4B02-8119-53F5C941750D}.Release|Any CPU.Build.0 = Release|Any CPU
	EndGlobalSection
	GlobalSection(SolutionProperties) = preSolution
		HideSolutionNode = FALSE
	EndGlobalSection
EndGlobal
